
Microsoft Visual Studio Solution File, Format Version 12.00
# Visual Studio Version 17
VisualStudioVersion = 17.14.36414.22
MinimumVisualStudioVersion = 10.0.40219.1
Project("{FAE04EC0-301F-11D3-BF4B-00C04F79EFBC}") = "XcelUnify", "XcelUnify\XcelUnify.csproj", "{0EECE6A1-0982-4294-9F89-F960CB48A961}"
EndProject
Project("{54435603-DBB4-11D2-8724-00A0C9A8B90C}") = "Setup", "Setup\Setup.vdproj", "{DBE9999D-346E-CA63-6964-F3B7FC1D42B4}"
EndProject
Project("{FAE04EC0-301F-11D3-BF4B-00C04F79EFBC}") = "SetupHelper", "SetupHelper\SetupHelper.csproj", "{D82A002B-99E3-4B91-96D1-97DD65C8E494}"
EndProject
Global
	GlobalSection(SolutionConfigurationPlatforms) = preSolution
		Debug|Any CPU = Debug|Any CPU
		Release|Any CPU = Release|Any CPU
	EndGlobalSection
	GlobalSection(ProjectConfigurationPlatforms) = postSolution
		{0EECE6A1-0982-4294-9F89-F960CB48A961}.Debug|Any CPU.ActiveCfg = Debug|Any CPU
		{0EECE6A1-0982-4294-9F89-F960CB48A961}.Debug|Any CPU.Build.0 = Debug|Any CPU
		{0EECE6A1-0982-4294-9F89-F960CB48A961}.Release|Any CPU.ActiveCfg = Release|Any CPU
		{0EECE6A1-0982-4294-9F89-F960CB48A961}.Release|Any CPU.Build.0 = Release|Any CPU
		{DBE9999D-346E-CA63-6964-F3B7FC1D42B4}.Debug|Any CPU.ActiveCfg = Debug
		{DBE9999D-346E-CA63-6964-F3B7FC1D42B4}.Release|Any CPU.ActiveCfg = Release
		{D82A002B-99E3-4B91-96D1-97DD65C8E494}.Debug|Any CPU.ActiveCfg = Debug|Any CPU
		{D82A002B-99E3-4B91-96D1-97DD65C8E494}.Debug|Any CPU.Build.0 = Debug|Any CPU
		{D82A002B-99E3-4B91-96D1-97DD65C8E494}.Release|Any CPU.ActiveCfg = Release|Any CPU
		{D82A002B-99E3-4B91-96D1-97DD65C8E494}.Release|Any CPU.Build.0 = Release|Any CPU
	EndGlobalSection
	GlobalSection(SolutionProperties) = preSolution
		HideSolutionNode = FALSE
	EndGlobalSection
	GlobalSection(ExtensibilityGlobals) = postSolution
		SolutionGuid = {C05D8F1C-52D3-43DE-A47C-7D57018127E4}
	EndGlobalSection
EndGlobal
